// !$*UTF8*$!
{
	archiveVersion = 1;
	classes = {
	};
	objectVersion = 55;
	objects = {

/* Begin PBXBuildFile section */
		1697DE08AB6B0B2C6A0344A4 /* Pods_KeyboardManagerExample.framework in Frameworks */ = {isa = PBXBuildFile; fileRef = D56E754F3F0D148601C38F64 /* Pods_KeyboardManagerExample.framework */; };
		2FD89A5027FA0FA200CC49D3 /* AppDelegate.swift in Sources */ = {isa = PBXBuildFile; fileRef = 2FD89A4F27FA0FA200CC49D3 /* AppDelegate.swift */; };
		2FD89A5227FA0FA200CC49D3 /* SceneDelegate.swift in Sources */ = {isa = PBXBuildFile; fileRef = 2FD89A5127FA0FA200CC49D3 /* SceneDelegate.swift */; };
		2FD89A5427FA0FA200CC49D3 /* ViewController.swift in Sources */ = {isa = PBXBuildFile; fileRef = 2FD89A5327FA0FA200CC49D3 /* ViewController.swift */; };
		2FD89A5727FA0FA200CC49D3 /* Main.storyboard in Resources */ = {isa = PBXBuildFile; fileRef = 2FD89A5527FA0FA200CC49D3 /* Main.storyboard */; };
		2FD89A5927FA0FA300CC49D3 /* Assets.xcassets in Resources */ = {isa = PBXBuildFile; fileRef = 2FD89A5827FA0FA300CC49D3 /* Assets.xcassets */; };
		2FD89A5C27FA0FA300CC49D3 /* LaunchScreen.storyboard in Resources */ = {isa = PBXBuildFile; fileRef = 2FD89A5A27FA0FA300CC49D3 /* LaunchScreen.storyboard */; };
/* End PBXBuildFile section */

/* Begin PBXFileReference section */
		2FD89A4C27FA0FA200CC49D3 /* KeyboardManagerExample.app */ = {isa = PBXFileReference; explicitFileType = wrapper.application; includeInIndex = 0; path = KeyboardManagerExample.app; sourceTree = BUILT_PRODUCTS_DIR; };
		2FD89A4F27FA0FA200CC49D3 /* AppDelegate.swift */ = {isa = PBXFileReference; lastKnownFileType = sourcecode.swift; path = AppDelegate.swift; sourceTree = "<group>"; };
		2FD89A5127FA0FA200CC49D3 /* SceneDelegate.swift */ = {isa = PBXFileReference; lastKnownFileType = sourcecode.swift; path = SceneDelegate.swift; sourceTree = "<group>"; };
		2FD89A5327FA0FA200CC49D3 /* ViewController.swift */ = {isa = PBXFileReference; lastKnownFileType = sourcecode.swift; path = ViewController.swift; sourceTree = "<group>"; };
		2FD89A5627FA0FA200CC49D3 /* Base */ = {isa = PBXFileReference; lastKnownFileType = file.storyboard; name = Base; path = Base.lproj/Main.storyboard; sourceTree = "<group>"; };
		2FD89A5827FA0FA300CC49D3 /* Assets.xcassets */ = {isa = PBXFileReference; lastKnownFileType = folder.assetcatalog; path = Assets.xcassets; sourceTree = "<group>"; };
		2FD89A5B27FA0FA300CC49D3 /* Base */ = {isa = PBXFileReference; lastKnownFileType = file.storyboard; name = Base; path = Base.lproj/LaunchScreen.storyboard; sourceTree = "<group>"; };
		2FD89A5D27FA0FA300CC49D3 /* Info.plist */ = {isa = PBXFileReference; lastKnownFileType = text.plist.xml; path = Info.plist; sourceTree = "<group>"; };
		77E4359E0DAD7BD77A310C35 /* Pods-KeyboardManagerExample.release.xcconfig */ = {isa = PBXFileReference; includeInIndex = 1; lastKnownFileType = text.xcconfig; name = "Pods-KeyboardManagerExample.release.xcconfig"; path = "Target Support Files/Pods-KeyboardManagerExample/Pods-KeyboardManagerExample.release.xcconfig"; sourceTree = "<group>"; };
		9E50172601A69B6CDFD4ECC0 /* Pods-KeyboardManagerExample.debug.xcconfig */ = {isa = PBXFileReference; includeInIndex = 1; lastKnownFileType = text.xcconfig; name = "Pods-KeyboardManagerExample.debug.xcconfig"; path = "Target Support Files/Pods-KeyboardManagerExample/Pods-KeyboardManagerExample.debug.xcconfig"; sourceTree = "<group>"; };
		D56E754F3F0D148601C38F64 /* Pods_KeyboardManagerExample.framework */ = {isa = PBXFileReference; explicitFileType = wrapper.framework; includeInIndex = 0; path = Pods_KeyboardManagerExample.framework; sourceTree = BUILT_PRODUCTS_DIR; };
/* End PBXFileReference section */

/* Begin PBXFrameworksBuildPhase section */
		2FD89A4927FA0FA200CC49D3 /* Frameworks */ = {
			isa = PBXFrameworksBuildPhase;
			buildActionMask = 2147483647;
			files = (
				1697DE08AB6B0B2C6A0344A4 /* Pods_KeyboardManagerExample.framework in Frameworks */,
			);
			runOnlyForDeploymentPostprocessing = 0;
		};
/* End PBXFrameworksBuildPhase section */

/* Begin PBXGroup section */
		283CC1E7C479F3DE6D961ACF /* Pods */ = {
			isa = PBXGroup;
			children = (
				9E50172601A69B6CDFD4ECC0 /* Pods-KeyboardManagerExample.debug.xcconfig */,
				77E4359E0DAD7BD77A310C35 /* Pods-KeyboardManagerExample.release.xcconfig */,
			);
			name = Pods;
			path = Pods;
			sourceTree = "<group>";
		};
		2FD89A4327FA0FA200CC49D3 = {
			isa = PBXGroup;
			children = (
				2FD89A4E27FA0FA200CC49D3 /* KeyboardManagerExample */,
				2FD89A4D27FA0FA200CC49D3 /* Products */,
				283CC1E7C479F3DE6D961ACF /* Pods */,
				432AB09B63955956925EE195 /* Frameworks */,
			);
			sourceTree = "<group>";
		};
		2FD89A4D27FA0FA200CC49D3 /* Products */ = {
			isa = PBXGroup;
			children = (
				2FD89A4C27FA0FA200CC49D3 /* KeyboardManagerExample.app */,
			);
			name = Products;
			sourceTree = "<group>";
		};
		2FD89A4E27FA0FA200CC49D3 /* KeyboardManagerExample */ = {
			isa = PBXGroup;
			children = (
				2FD89A4F27FA0FA200CC49D3 /* AppDelegate.swift */,
				2FD89A5127FA0FA200CC49D3 /* SceneDelegate.swift */,
				2FD89A5327FA0FA200CC49D3 /* ViewController.swift */,
				2FD89A5527FA0FA200CC49D3 /* Main.storyboard */,
				2FD89A5827FA0FA300CC49D3 /* Assets.xcassets */,
				2FD89A5A27FA0FA300CC49D3 /* LaunchScreen.storyboard */,
				2FD89A5D27FA0FA300CC49D3 /* Info.plist */,
			);
			path = KeyboardManagerExample;
			sourceTree = "<group>";
		};
		432AB09B63955956925EE195 /* Frameworks */ = {
			isa = PBXGroup;
			children = (
				D56E754F3F0D148601C38F64 /* Pods_KeyboardManagerExample.framework */,
			);
			name = Frameworks;
			sourceTree = "<group>";
		};
/* End PBXGroup section */

/* Begin PBXNativeTarget section */
		2FD89A4B27FA0FA200CC49D3 /* KeyboardManagerExample */ = {
			isa = PBXNativeTarget;
			buildConfigurationList = 2FD89A6027FA0FA300CC49D3 /* Build configuration list for PBXNativeTarget "KeyboardManagerExample" */;
			buildPhases = (
				7833E6D65184C7FDEEE39DAE /* [CP] Check Pods Manifest.lock */,
				2FD89A4827FA0FA200CC49D3 /* Sources */,
				2FD89A4927FA0FA200CC49D3 /* Frameworks */,
				2FD89A4A27FA0FA200CC49D3 /* Resources */,
				70D26E9CDD72FB9EDA6006BD /* [CP] Embed Pods Frameworks */,
			);
			buildRules = (
			);
			dependencies = (
			);
			name = KeyboardManagerExample;
			productName = KeyboardManagerExample;
			productReference = 2FD89A4C27FA0FA200CC49D3 /* KeyboardManagerExample.app */;
			productType = "com.apple.product-type.application";
		};
/* End PBXNativeTarget section */

/* Begin PBXProject section */
		2FD89A4427FA0FA200CC49D3 /* Project object */ = {
			isa = PBXProject;
			attributes = {
				BuildIndependentTargetsInParallel = 1;
				LastSwiftUpdateCheck = 1320;
				LastUpgradeCheck = 1320;
				TargetAttributes = {
					2FD89A4B27FA0FA200CC49D3 = {
						CreatedOnToolsVersion = 13.2.1;
					};
				};
			};
			buildConfigurationList = 2FD89A4727FA0FA200CC49D3 /* Build configuration list for PBXProject "KeyboardManagerExample" */;
			compatibilityVersion = "Xcode 13.0";
			developmentRegion = en;
			hasScannedForEncodings = 0;
			knownRegions = (
				en,
				Base,
			);
			mainGroup = 2FD89A4327FA0FA200CC49D3;
			productRefGroup = 2FD89A4D27FA0FA200CC49D3 /* Products */;
			projectDirPath = "";
			projectRoot = "";
			targets = (
				2FD89A4B27FA0FA200CC49D3 /* KeyboardManagerExample */,
			);
		};
/* End PBXProject section */

/* Begin PBXResourcesBuildPhase section */
		2FD89A4A27FA0FA200CC49D3 /* Resources */ = {
			isa = PBXResourcesBuildPhase;
			buildActionMask = 2147483647;
			files = (
				2FD89A5C27FA0FA300CC49D3 /* LaunchScreen.storyboard in Resources */,
				2FD89A5927FA0FA300CC49D3 /* Assets.xcassets in Resources */,
				2FD89A5727FA0FA200CC49D3 /* Main.storyboard in Resources */,
			);
			runOnlyForDeploymentPostprocessing = 0;
		};
/* End PBXResourcesBuildPhase section */

/* Begin PBXShellScriptBuildPhase section */
		70D26E9CDD72FB9EDA6006BD /* [CP] Embed Pods Frameworks */ = {
			isa = PBXShellScriptBuildPhase;
			buildActionMask = 2147483647;
			files = (
			);
			inputFileListPaths = (
				"${PODS_ROOT}/Target Support Files/Pods-KeyboardManagerExample/Pods-KeyboardManagerExample-frameworks-${CONFIGURATION}-input-files.xcfilelist",
			);
			name = "[CP] Embed Pods Frameworks";
			outputFileListPaths = (
				"${PODS_ROOT}/Target Support Files/Pods-KeyboardManagerExample/Pods-KeyboardManagerExample-frameworks-${CONFIGURATION}-output-files.xcfilelist",
			);
			runOnlyForDeploymentPostprocessing = 0;
			shellPath = /bin/sh;
			shellScript = "\"${PODS_ROOT}/Target Support Files/Pods-KeyboardManagerExample/Pods-KeyboardManagerExample-frameworks.sh\"\n";
			showEnvVarsInLog = 0;
		};
		7833E6D65184C7FDEEE39DAE /* [CP] Check Pods Manifest.lock */ = {
			isa = PBXShellScriptBuildPhase;
			buildActionMask = 2147483647;
			files = (
			);
			inputFileListPaths = (
			);
			inputPaths = (
				"${PODS_PODFILE_DIR_PATH}/Podfile.lock",
				"${PODS_ROOT}/Manifest.lock",
			);
			name = "[CP] Check Pods Manifest.lock";
			outputFileListPaths = (
			);
			outputPaths = (
				"$(DERIVED_FILE_DIR)/Pods-KeyboardManagerExample-checkManifestLockResult.txt",
			);
			runOnlyForDeploymentPostprocessing = 0;
			shellPath = /bin/sh;
			shellScript = "diff \"${PODS_PODFILE_DIR_PATH}/Podfile.lock\" \"${PODS_ROOT}/Manifest.lock\" > /dev/null\nif [ $? != 0 ] ; then\n    # print error to STDERR\n    echo \"error: The sandbox is not in sync with the Podfile.lock. Run 'pod install' or update your CocoaPods installation.\" >&2\n    exit 1\nfi\n# This output is used by Xcode 'outputs' to avoid re-running this script phase.\necho \"SUCCESS\" > \"${SCRIPT_OUTPUT_FILE_0}\"\n";
			showEnvVarsInLog = 0;
		};
/* End PBXShellScriptBuildPhase section */

/* Begin PBXSourcesBuildPhase section */
		2FD89A4827FA0FA200CC49D3 /* Sources */ = {
			isa = PBXSourcesBuildPhase;
			buildActionMask = 2147483647;
			files = (
				2FD89A5427FA0FA200CC49D3 /* ViewController.swift in Sources */,
				2FD89A5027FA0FA200CC49D3 /* AppDelegate.swift in Sources */,
				2FD89A5227FA0FA200CC49D3 /* SceneDelegate.swift in Sources */,
			);
			runOnlyForDeploymentPostprocessing = 0;
		};
/* End PBXSourcesBuildPhase section */

/* Begin PBXVariantGroup section */
		2FD89A5527FA0FA200CC49D3 /* Main.storyboard */ = {
			isa = PBXVariantGroup;
			children = (
				2FD89A5627FA0FA200CC49D3 /* Base */,
			);
			name = Main.storyboard;
			sourceTree = "<group>";
		};
		2FD89A5A27FA0FA300CC49D3 /* LaunchScreen.storyboard */ = {
			isa = PBXVariantGroup;
			children = (
				2FD89A5B27FA0FA300CC49D3 /* Base */,
			);
			name = LaunchScreen.storyboard;
			sourceTree = "<group>";
		};
/* End PBXVariantGroup section */

/* Begin XCBuildConfiguration section */
		2FD89A5E27FA0FA300CC49D3 /* Debug */ = {
			isa = XCBuildConfiguration;
			buildSettings = {
				ALWAYS_SEARCH_USER_PATHS = NO;
				CLANG_ANALYZER_NONNULL = YES;
				CLANG_ANALYZER_NUMBER_OBJECT_CONVERSION = YES_AGGRESSIVE;
				CLANG_CXX_LANGUAGE_STANDARD = "gnu++17";
				CLANG_CXX_LIBRARY = "libc++";
				CLANG_ENABLE_MODULES = YES;
				CLANG_ENABLE_OBJC_ARC = YES;
				CLANG_ENABLE_OBJC_WEAK = YES;
				CLANG_WARN_BLOCK_CAPTURE_AUTORELEASING = YES;
				CLANG_WARN_BOOL_CONVERSION = YES;
				CLANG_WARN_COMMA = YES;
				CLANG_WARN_CONSTANT_CONVERSION = YES;
				CLANG_WARN_DEPRECATED_OBJC_IMPLEMENTATIONS = YES;
				CLANG_WARN_DIRECT_OBJC_ISA_USAGE = YES_ERROR;
				CLANG_WARN_DOCUMENTATION_COMMENTS = YES;
				CLANG_WARN_EMPTY_BODY = YES;
				CLANG_WARN_ENUM_CONVERSION = YES;
				CLANG_WARN_INFINITE_RECURSION = YES;
				CLANG_WARN_INT_CONVERSION = YES;
				CLANG_WARN_NON_LITERAL_NULL_CONVERSION = YES;
				CLANG_WARN_OBJC_IMPLICIT_RETAIN_SELF = YES;
				CLANG_WARN_OBJC_LITERAL_CONVERSION = YES;
				CLANG_WARN_OBJC_ROOT_CLASS = YES_ERROR;
				CLANG_WARN_QUOTED_INCLUDE_IN_FRAMEWORK_HEADER = YES;
				CLANG_WARN_RANGE_LOOP_ANALYSIS = YES;
				CLANG_WARN_STRICT_PROTOTYPES = YES;
				CLANG_WARN_SUSPICIOUS_MOVE = YES;
				CLANG_WARN_UNGUARDED_AVAILABILITY = YES_AGGRESSIVE;
				CLANG_WARN_UNREACHABLE_CODE = YES;
				CLANG_WARN__DUPLICATE_METHOD_MATCH = YES;
				COPY_PHASE_STRIP = NO;
				DEBUG_INFORMATION_FORMAT = dwarf;
				ENABLE_STRICT_OBJC_MSGSEND = YES;
				ENABLE_TESTABILITY = YES;
				GCC_C_LANGUAGE_STANDARD = gnu11;
				GCC_DYNAMIC_NO_PIC = NO;
				GCC_NO_COMMON_BLOCKS = YES;
				GCC_OPTIMIZATION_LEVEL = 0;
				GCC_PREPROCESSOR_DEFINITIONS = (
					"DEBUG=1",
					"$(inherited)",
				);
				GCC_WARN_64_TO_32_BIT_CONVERSION = YES;
				GCC_WARN_ABOUT_RETURN_TYPE = YES_ERROR;
				GCC_WARN_UNDECLARED_SELECTOR = YES;
				GCC_WARN_UNINITIALIZED_AUTOS = YES_AGGRESSIVE;
				GCC_WARN_UNUSED_FUNCTION = YES;
				GCC_WARN_UNUSED_VARIABLE = YES;
				IPHONEOS_DEPLOYMENT_TARGET = 15.2;
				MTL_ENABLE_DEBUG_INFO = INCLUDE_SOURCE;
				MTL_FAST_MATH = YES;
				ONLY_ACTIVE_ARCH = YES;
				SDKROOT = iphoneos;
				SWIFT_ACTIVE_COMPILATION_CONDITIONS = DEBUG;
				SWIFT_OPTIMIZATION_LEVEL = "-Onone";
			};
			name = Debug;
		};
		2FD89A5F27FA0FA300CC49D3 /* Release */ = {
			isa = XCBuildConfiguration;
			buildSettings = {
				ALWAYS_SEARCH_USER_PATHS = NO;
				CLANG_ANALYZER_NONNULL = YES;
				CLANG_ANALYZER_NUMBER_OBJECT_CONVERSION = YES_AGGRESSIVE;
				CLANG_CXX_LANGUAGE_STANDARD = "gnu++17";
				CLANG_CXX_LIBRARY = "libc++";
				CLANG_ENABLE_MODULES = YES;
				CLANG_ENABLE_OBJC_ARC = YES;
				CLANG_ENABLE_OBJC_WEAK = YES;
				CLANG_WARN_BLOCK_CAPTURE_AUTORELEASING = YES;
				CLANG_WARN_BOOL_CONVERSION = YES;
				CLANG_WARN_COMMA = YES;
				CLANG_WARN_CONSTANT_CONVERSION = YES;
				CLANG_WARN_DEPRECATED_OBJC_IMPLEMENTATIONS = YES;
				CLANG_WARN_DIRECT_OBJC_ISA_USAGE = YES_ERROR;
				CLANG_WARN_DOCUMENTATION_COMMENTS = YES;
				CLANG_WARN_EMPTY_BODY = YES;
				CLANG_WARN_ENUM_CONVERSION = YES;
				CLANG_WARN_INFINITE_RECURSION = YES;
				CLANG_WARN_INT_CONVERSION = YES;
				CLANG_WARN_NON_LITERAL_NULL_CONVERSION = YES;
				CLANG_WARN_OBJC_IMPLICIT_RETAIN_SELF = YES;
				CLANG_WARN_OBJC_LITERAL_CONVERSION = YES;
				CLANG_WARN_OBJC_ROOT_CLASS = YES_ERROR;
				CLANG_WARN_QUOTED_INCLUDE_IN_FRAMEWORK_HEADER = YES;
				CLANG_WARN_RANGE_LOOP_ANALYSIS = YES;
				CLANG_WARN_STRICT_PROTOTYPES = YES;
				CLANG_WARN_SUSPICIOUS_MOVE = YES;
				CLANG_WARN_UNGUARDED_AVAILABILITY = YES_AGGRESSIVE;
				CLANG_WARN_UNREACHABLE_CODE = YES;
				CLANG_WARN__DUPLICATE_METHOD_MATCH = YES;
				COPY_PHASE_STRIP = NO;
				DEBUG_INFORMATION_FORMAT = "dwarf-with-dsym";
				ENABLE_NS_ASSERTIONS = NO;
				ENABLE_STRICT_OBJC_MSGSEND = YES;
				GCC_C_LANGUAGE_STANDARD = gnu11;
				GCC_NO_COMMON_BLOCKS = YES;
				GCC_WARN_64_TO_32_BIT_CONVERSION = YES;
				GCC_WARN_ABOUT_RETURN_TYPE = YES_ERROR;
				GCC_WARN_UNDECLARED_SELECTOR = YES;
				GCC_WARN_UNINITIALIZED_AUTOS = YES_AGGRESSIVE;
				GCC_WARN_UNUSED_FUNCTION = YES;
				GCC_WARN_UNUSED_VARIABLE = YES;
				IPHONEOS_DEPLOYMENT_TARGET = 15.2;
				MTL_ENABLE_DEBUG_INFO = NO;
				MTL_FAST_MATH = YES;
				SDKROOT = iphoneos;
				SWIFT_COMPILATION_MODE = wholemodule;
				SWIFT_OPTIMIZATION_LEVEL = "-O";
				VALIDATE_PRODUCT = YES;
			};
			name = Release;
		};
		2FD89A6127FA0FA300CC49D3 /* Debug */ = {
			isa = XCBuildConfiguration;
			baseConfigurationReference = 9E50172601A69B6CDFD4ECC0 /* Pods-KeyboardManagerExample.debug.xcconfig */;
			buildSettings = {
				ASSETCATALOG_COMPILER_APPICON_NAME = AppIcon;
				ASSETCATALOG_COMPILER_GLOBAL_ACCENT_COLOR_NAME = AccentColor;
				CODE_SIGN_STYLE = Automatic;
				CURRENT_PROJECT_VERSION = 1;
				GENERATE_INFOPLIST_FILE = YES;
				INFOPLIST_FILE = KeyboardManagerExample/Info.plist;
				INFOPLIST_KEY_UIApplicationSupportsIndirectInputEvents = YES;
				INFOPLIST_KEY_UILaunchStoryboardName = LaunchScreen;
				INFOPLIST_KEY_UIMainStoryboardFile = Main;
				INFOPLIST_KEY_UISupportedInterfaceOrientations_iPad = "UIInterfaceOrientationPortrait UIInterfaceOrientationPortraitUpsideDown UIInterfaceOrientationLandscapeLeft UIInterfaceOrientationLandscapeRight";
				INFOPLIST_KEY_UISupportedInterfaceOrientations_iPhone = "UIInterfaceOrientationPortrait UIInterfaceOrientationLandscapeLeft UIInterfaceOrientationLandscapeRight";
				LD_RUNPATH_SEARCH_PATHS = (
					"$(inherited)",
					"@executable_path/Frameworks",
				);
				MARKETING_VERSION = 1.0;
				PRODUCT_BUNDLE_IDENTIFIER = edu.northeastern.jiayingxie.KeyboardManagerExample;
				PRODUCT_NAME = "$(TARGET_NAME)";
				SWIFT_EMIT_LOC_STRINGS = YES;
				SWIFT_VERSION = 5.0;
				TARGETED_DEVICE_FAMILY = "1,2";
			};
			name = Debug;
		};
		2FD89A6227FA0FA300CC49D3 /* Release */ = {
			isa = XCBuildConfiguration;
			baseConfigurationReference = 77E4359E0DAD7BD77A310C35 /* Pods-KeyboardManagerExample.release.xcconfig */;
			buildSettings = {
				ASSETCATALOG_COMPILER_APPICON_NAME = AppIcon;
				ASSETCATALOG_COMPILER_GLOBAL_ACCENT_COLOR_NAME = AccentColor;
				CODE_SIGN_STYLE = Automatic;
				CURRENT_PROJECT_VERSION = 1;
				GENERATE_INFOPLIST_FILE = YES;
				INFOPLIST_FILE = KeyboardManagerExample/Info.plist;
				INFOPLIST_KEY_UIApplicationSupportsIndirectInputEvents = YES;
				INFOPLIST_KEY_UILaunchStoryboardName = LaunchScreen;
				INFOPLIST_KEY_UIMainStoryboardFile = Main;
				INFOPLIST_KEY_UISupportedInterfaceOrientations_iPad = "UIInterfaceOrientationPortrait UIInterfaceOrientationPortraitUpsideDown UIInterfaceOrientationLandscapeLeft UIInterfaceOrientationLandscapeRight";
				INFOPLIST_KEY_UISupportedInterfaceOrientations_iPhone = "UIInterfaceOrientationPortrait UIInterfaceOrientationLandscapeLeft UIInterfaceOrientationLandscapeRight";
				LD_RUNPATH_SEARCH_PATHS = (
					"$(inherited)",
					"@executable_path/Frameworks",
				);
				MARKETING_VERSION = 1.0;
				PRODUCT_BUNDLE_IDENTIFIER = edu.northeastern.jiayingxie.KeyboardManagerExample;
				PRODUCT_NAME = "$(TARGET_NAME)";
				SWIFT_EMIT_LOC_STRINGS = YES;
				SWIFT_VERSION = 5.0;
				TARGETED_DEVICE_FAMILY = "1,2";
			};
			name = Release;
		};
/* End XCBuildConfiguration section */

/* Begin XCConfigurationList section */
		2FD89A4727FA0FA200CC49D3 /* Build configuration list for PBXProject "KeyboardManagerExample" */ = {
			isa = XCConfigurationList;
			buildConfigurations = (
				2FD89A5E27FA0FA300CC49D3 /* Debug */,
				2FD89A5F27FA0FA300CC49D3 /* Release */,
			);
			defaultConfigurationIsVisible = 0;
			defaultConfigurationName = Release;
		};
		2FD89A6027FA0FA300CC49D3 /* Build configuration list for PBXNativeTarget "KeyboardManagerExample" */ = {
			isa = XCConfigurationList;
			buildConfigurations = (
				2FD89A6127FA0FA300CC49D3 /* Debug */,
				2FD89A6227FA0FA300CC49D3 /* Release */,
			);
			defaultConfigurationIsVisible = 0;
			defaultConfigurationName = Release;
		};
/* End XCConfigurationList section */
	};
	rootObject = 2FD89A4427FA0FA200CC49D3 /* Project object */;
}
