// !$*UTF8*$!
{
	archiveVersion = 1;
	classes = {
	};
	objectVersion = 55;
	objects = {

/* Begin PBXBuildFile section */
		2F41A28F280CA1F200F7AE79 /* AppDelegate.swift in Sources */ = {isa = PBXBuildFile; fileRef = 2F41A28E280CA1F200F7AE79 /* AppDelegate.swift */; };
		2F41A291280CA1F200F7AE79 /* SceneDelegate.swift in Sources */ = {isa = PBXBuildFile; fileRef = 2F41A290280CA1F200F7AE79 /* SceneDelegate.swift */; };
		2F41A293280CA1F200F7AE79 /* ViewController.swift in Sources */ = {isa = PBXBuildFile; fileRef = 2F41A292280CA1F200F7AE79 /* ViewController.swift */; };
		2F41A296280CA1F200F7AE79 /* Main.storyboard in Resources */ = {isa = PBXBuildFile; fileRef = 2F41A294280CA1F200F7AE79 /* Main.storyboard */; };
		2F41A298280CA1F300F7AE79 /* Assets.xcassets in Resources */ = {isa = PBXBuildFile; fileRef = 2F41A297280CA1F300F7AE79 /* Assets.xcassets */; };
		2F41A29B280CA1F300F7AE79 /* LaunchScreen.storyboard in Resources */ = {isa = PBXBuildFile; fileRef = 2F41A299280CA1F300F7AE79 /* LaunchScreen.storyboard */; };
		F71970477CFFB899CE266762 /* Pods_TextRecognitionOnDevice.framework in Frameworks */ = {isa = PBXBuildFile; fileRef = 315AF1F892125937B204A947 /* Pods_TextRecognitionOnDevice.framework */; };
/* End PBXBuildFile section */

/* Begin PBXFileReference section */
		2F41A28B280CA1F200F7AE79 /* TextRecognitionOnDevice.app */ = {isa = PBXFileReference; explicitFileType = wrapper.application; includeInIndex = 0; path = TextRecognitionOnDevice.app; sourceTree = BUILT_PRODUCTS_DIR; };
		2F41A28E280CA1F200F7AE79 /* AppDelegate.swift */ = {isa = PBXFileReference; lastKnownFileType = sourcecode.swift; path = AppDelegate.swift; sourceTree = "<group>"; };
		2F41A290280CA1F200F7AE79 /* SceneDelegate.swift */ = {isa = PBXFileReference; lastKnownFileType = sourcecode.swift; path = SceneDelegate.swift; sourceTree = "<group>"; };
		2F41A292280CA1F200F7AE79 /* ViewController.swift */ = {isa = PBXFileReference; lastKnownFileType = sourcecode.swift; path = ViewController.swift; sourceTree = "<group>"; };
		2F41A295280CA1F200F7AE79 /* Base */ = {isa = PBXFileReference; lastKnownFileType = file.storyboard; name = Base; path = Base.lproj/Main.storyboard; sourceTree = "<group>"; };
		2F41A297280CA1F300F7AE79 /* Assets.xcassets */ = {isa = PBXFileReference; lastKnownFileType = folder.assetcatalog; path = Assets.xcassets; sourceTree = "<group>"; };
		2F41A29A280CA1F300F7AE79 /* Base */ = {isa = PBXFileReference; lastKnownFileType = file.storyboard; name = Base; path = Base.lproj/LaunchScreen.storyboard; sourceTree = "<group>"; };
		2F41A29C280CA1F300F7AE79 /* Info.plist */ = {isa = PBXFileReference; lastKnownFileType = text.plist.xml; path = Info.plist; sourceTree = "<group>"; };
		315AF1F892125937B204A947 /* Pods_TextRecognitionOnDevice.framework */ = {isa = PBXFileReference; explicitFileType = wrapper.framework; includeInIndex = 0; path = Pods_TextRecognitionOnDevice.framework; sourceTree = BUILT_PRODUCTS_DIR; };
		7739F2F72B4574C10178585B /* Pods-TextRecognitionOnDevice.debug.xcconfig */ = {isa = PBXFileReference; includeInIndex = 1; lastKnownFileType = text.xcconfig; name = "Pods-TextRecognitionOnDevice.debug.xcconfig"; path = "Target Support Files/Pods-TextRecognitionOnDevice/Pods-TextRecognitionOnDevice.debug.xcconfig"; sourceTree = "<group>"; };
		C34996115A28F97773F94EA8 /* Pods-TextRecognitionOnDevice.release.xcconfig */ = {isa = PBXFileReference; includeInIndex = 1; lastKnownFileType = text.xcconfig; name = "Pods-TextRecognitionOnDevice.release.xcconfig"; path = "Target Support Files/Pods-TextRecognitionOnDevice/Pods-TextRecognitionOnDevice.release.xcconfig"; sourceTree = "<group>"; };
/* End PBXFileReference section */

/* Begin PBXFrameworksBuildPhase section */
		2F41A288280CA1F200F7AE79 /* Frameworks */ = {
			isa = PBXFrameworksBuildPhase;
			buildActionMask = 2147483647;
			files = (
				F71970477CFFB899CE266762 /* Pods_TextRecognitionOnDevice.framework in Frameworks */,
			);
			runOnlyForDeploymentPostprocessing = 0;
		};
/* End PBXFrameworksBuildPhase section */

/* Begin PBXGroup section */
		2F41A282280CA1F200F7AE79 = {
			isa = PBXGroup;
			children = (
				2F41A28D280CA1F200F7AE79 /* TextRecognitionOnDevice */,
				2F41A28C280CA1F200F7AE79 /* Products */,
				9821FD5A74F55DF821201EEC /* Pods */,
				9C99463CC0FA2E62CD158000 /* Frameworks */,
			);
			sourceTree = "<group>";
		};
		2F41A28C280CA1F200F7AE79 /* Products */ = {
			isa = PBXGroup;
			children = (
				2F41A28B280CA1F200F7AE79 /* TextRecognitionOnDevice.app */,
			);
			name = Products;
			sourceTree = "<group>";
		};
		2F41A28D280CA1F200F7AE79 /* TextRecognitionOnDevice */ = {
			isa = PBXGroup;
			children = (
				2F41A28E280CA1F200F7AE79 /* AppDelegate.swift */,
				2F41A290280CA1F200F7AE79 /* SceneDelegate.swift */,
				2F41A292280CA1F200F7AE79 /* ViewController.swift */,
				2F41A294280CA1F200F7AE79 /* Main.storyboard */,
				2F41A297280CA1F300F7AE79 /* Assets.xcassets */,
				2F41A299280CA1F300F7AE79 /* LaunchScreen.storyboard */,
				2F41A29C280CA1F300F7AE79 /* Info.plist */,
			);
			path = TextRecognitionOnDevice;
			sourceTree = "<group>";
		};
		9821FD5A74F55DF821201EEC /* Pods */ = {
			isa = PBXGroup;
			children = (
				7739F2F72B4574C10178585B /* Pods-TextRecognitionOnDevice.debug.xcconfig */,
				C34996115A28F97773F94EA8 /* Pods-TextRecognitionOnDevice.release.xcconfig */,
			);
			name = Pods;
			path = Pods;
			sourceTree = "<group>";
		};
		9C99463CC0FA2E62CD158000 /* Frameworks */ = {
			isa = PBXGroup;
			children = (
				315AF1F892125937B204A947 /* Pods_TextRecognitionOnDevice.framework */,
			);
			name = Frameworks;
			sourceTree = "<group>";
		};
/* End PBXGroup section */

/* Begin PBXNativeTarget section */
		2F41A28A280CA1F200F7AE79 /* TextRecognitionOnDevice */ = {
			isa = PBXNativeTarget;
			buildConfigurationList = 2F41A29F280CA1F300F7AE79 /* Build configuration list for PBXNativeTarget "TextRecognitionOnDevice" */;
			buildPhases = (
				7AE8B694736B41B3D1014BF4 /* [CP] Check Pods Manifest.lock */,
				2F41A287280CA1F200F7AE79 /* Sources */,
				2F41A288280CA1F200F7AE79 /* Frameworks */,
				2F41A289280CA1F200F7AE79 /* Resources */,
				59016923641057E788AEE55D /* [CP] Embed Pods Frameworks */,
				D8B5DC28AB3227338E3B36B2 /* [CP] Copy Pods Resources */,
			);
			buildRules = (
			);
			dependencies = (
			);
			name = TextRecognitionOnDevice;
			productName = TextRecognitionOnDevice;
			productReference = 2F41A28B280CA1F200F7AE79 /* TextRecognitionOnDevice.app */;
			productType = "com.apple.product-type.application";
		};
/* End PBXNativeTarget section */

/* Begin PBXProject section */
		2F41A283280CA1F200F7AE79 /* Project object */ = {
			isa = PBXProject;
			attributes = {
				BuildIndependentTargetsInParallel = 1;
				LastSwiftUpdateCheck = 1320;
				LastUpgradeCheck = 1320;
				TargetAttributes = {
					2F41A28A280CA1F200F7AE79 = {
						CreatedOnToolsVersion = 13.2.1;
					};
				};
			};
			buildConfigurationList = 2F41A286280CA1F200F7AE79 /* Build configuration list for PBXProject "TextRecognitionOnDevice" */;
			compatibilityVersion = "Xcode 13.0";
			developmentRegion = en;
			hasScannedForEncodings = 0;
			knownRegions = (
				en,
				Base,
			);
			mainGroup = 2F41A282280CA1F200F7AE79;
			productRefGroup = 2F41A28C280CA1F200F7AE79 /* Products */;
			projectDirPath = "";
			projectRoot = "";
			targets = (
				2F41A28A280CA1F200F7AE79 /* TextRecognitionOnDevice */,
			);
		};
/* End PBXProject section */

/* Begin PBXResourcesBuildPhase section */
		2F41A289280CA1F200F7AE79 /* Resources */ = {
			isa = PBXResourcesBuildPhase;
			buildActionMask = 2147483647;
			files = (
				2F41A29B280CA1F300F7AE79 /* LaunchScreen.storyboard in Resources */,
				2F41A298280CA1F300F7AE79 /* Assets.xcassets in Resources */,
				2F41A296280CA1F200F7AE79 /* Main.storyboard in Resources */,
			);
			runOnlyForDeploymentPostprocessing = 0;
		};
/* End PBXResourcesBuildPhase section */

/* Begin PBXShellScriptBuildPhase section */
		59016923641057E788AEE55D /* [CP] Embed Pods Frameworks */ = {
			isa = PBXShellScriptBuildPhase;
			buildActionMask = 2147483647;
			files = (
			);
			inputFileListPaths = (
				"${PODS_ROOT}/Target Support Files/Pods-TextRecognitionOnDevice/Pods-TextRecognitionOnDevice-frameworks-${CONFIGURATION}-input-files.xcfilelist",
			);
			name = "[CP] Embed Pods Frameworks";
			outputFileListPaths = (
				"${PODS_ROOT}/Target Support Files/Pods-TextRecognitionOnDevice/Pods-TextRecognitionOnDevice-frameworks-${CONFIGURATION}-output-files.xcfilelist",
			);
			runOnlyForDeploymentPostprocessing = 0;
			shellPath = /bin/sh;
			shellScript = "\"${PODS_ROOT}/Target Support Files/Pods-TextRecognitionOnDevice/Pods-TextRecognitionOnDevice-frameworks.sh\"\n";
			showEnvVarsInLog = 0;
		};
		7AE8B694736B41B3D1014BF4 /* [CP] Check Pods Manifest.lock */ = {
			isa = PBXShellScriptBuildPhase;
			buildActionMask = 2147483647;
			files = (
			);
			inputFileListPaths = (
			);
			inputPaths = (
				"${PODS_PODFILE_DIR_PATH}/Podfile.lock",
				"${PODS_ROOT}/Manifest.lock",
			);
			name = "[CP] Check Pods Manifest.lock";
			outputFileListPaths = (
			);
			outputPaths = (
				"$(DERIVED_FILE_DIR)/Pods-TextRecognitionOnDevice-checkManifestLockResult.txt",
			);
			runOnlyForDeploymentPostprocessing = 0;
			shellPath = /bin/sh;
			shellScript = "diff \"${PODS_PODFILE_DIR_PATH}/Podfile.lock\" \"${PODS_ROOT}/Manifest.lock\" > /dev/null\nif [ $? != 0 ] ; then\n    # print error to STDERR\n    echo \"error: The sandbox is not in sync with the Podfile.lock. Run 'pod install' or update your CocoaPods installation.\" >&2\n    exit 1\nfi\n# This output is used by Xcode 'outputs' to avoid re-running this script phase.\necho \"SUCCESS\" > \"${SCRIPT_OUTPUT_FILE_0}\"\n";
			showEnvVarsInLog = 0;
		};
		D8B5DC28AB3227338E3B36B2 /* [CP] Copy Pods Resources */ = {
			isa = PBXShellScriptBuildPhase;
			buildActionMask = 2147483647;
			files = (
			);
			inputFileListPaths = (
				"${PODS_ROOT}/Target Support Files/Pods-TextRecognitionOnDevice/Pods-TextRecognitionOnDevice-resources-${CONFIGURATION}-input-files.xcfilelist",
			);
			name = "[CP] Copy Pods Resources";
			outputFileListPaths = (
				"${PODS_ROOT}/Target Support Files/Pods-TextRecognitionOnDevice/Pods-TextRecognitionOnDevice-resources-${CONFIGURATION}-output-files.xcfilelist",
			);
			runOnlyForDeploymentPostprocessing = 0;
			shellPath = /bin/sh;
			shellScript = "\"${PODS_ROOT}/Target Support Files/Pods-TextRecognitionOnDevice/Pods-TextRecognitionOnDevice-resources.sh\"\n";
			showEnvVarsInLog = 0;
		};
/* End PBXShellScriptBuildPhase section */

/* Begin PBXSourcesBuildPhase section */
		2F41A287280CA1F200F7AE79 /* Sources */ = {
			isa = PBXSourcesBuildPhase;
			buildActionMask = 2147483647;
			files = (
				2F41A293280CA1F200F7AE79 /* ViewController.swift in Sources */,
				2F41A28F280CA1F200F7AE79 /* AppDelegate.swift in Sources */,
				2F41A291280CA1F200F7AE79 /* SceneDelegate.swift in Sources */,
			);
			runOnlyForDeploymentPostprocessing = 0;
		};
/* End PBXSourcesBuildPhase section */

/* Begin PBXVariantGroup section */
		2F41A294280CA1F200F7AE79 /* Main.storyboard */ = {
			isa = PBXVariantGroup;
			children = (
				2F41A295280CA1F200F7AE79 /* Base */,
			);
			name = Main.storyboard;
			sourceTree = "<group>";
		};
		2F41A299280CA1F300F7AE79 /* LaunchScreen.storyboard */ = {
			isa = PBXVariantGroup;
			children = (
				2F41A29A280CA1F300F7AE79 /* Base */,
			);
			name = LaunchScreen.storyboard;
			sourceTree = "<group>";
		};
/* End PBXVariantGroup section */

/* Begin XCBuildConfiguration section */
		2F41A29D280CA1F300F7AE79 /* Debug */ = {
			isa = XCBuildConfiguration;
			buildSettings = {
				ALWAYS_SEARCH_USER_PATHS = NO;
				CLANG_ANALYZER_NONNULL = YES;
				CLANG_ANALYZER_NUMBER_OBJECT_CONVERSION = YES_AGGRESSIVE;
				CLANG_CXX_LANGUAGE_STANDARD = "gnu++17";
				CLANG_CXX_LIBRARY = "libc++";
				CLANG_ENABLE_MODULES = YES;
				CLANG_ENABLE_OBJC_ARC = YES;
				CLANG_ENABLE_OBJC_WEAK = YES;
				CLANG_WARN_BLOCK_CAPTURE_AUTORELEASING = YES;
				CLANG_WARN_BOOL_CONVERSION = YES;
				CLANG_WARN_COMMA = YES;
				CLANG_WARN_CONSTANT_CONVERSION = YES;
				CLANG_WARN_DEPRECATED_OBJC_IMPLEMENTATIONS = YES;
				CLANG_WARN_DIRECT_OBJC_ISA_USAGE = YES_ERROR;
				CLANG_WARN_DOCUMENTATION_COMMENTS = YES;
				CLANG_WARN_EMPTY_BODY = YES;
				CLANG_WARN_ENUM_CONVERSION = YES;
				CLANG_WARN_INFINITE_RECURSION = YES;
				CLANG_WARN_INT_CONVERSION = YES;
				CLANG_WARN_NON_LITERAL_NULL_CONVERSION = YES;
				CLANG_WARN_OBJC_IMPLICIT_RETAIN_SELF = YES;
				CLANG_WARN_OBJC_LITERAL_CONVERSION = YES;
				CLANG_WARN_OBJC_ROOT_CLASS = YES_ERROR;
				CLANG_WARN_QUOTED_INCLUDE_IN_FRAMEWORK_HEADER = YES;
				CLANG_WARN_RANGE_LOOP_ANALYSIS = YES;
				CLANG_WARN_STRICT_PROTOTYPES = YES;
				CLANG_WARN_SUSPICIOUS_MOVE = YES;
				CLANG_WARN_UNGUARDED_AVAILABILITY = YES_AGGRESSIVE;
				CLANG_WARN_UNREACHABLE_CODE = YES;
				CLANG_WARN__DUPLICATE_METHOD_MATCH = YES;
				COPY_PHASE_STRIP = NO;
				DEBUG_INFORMATION_FORMAT = dwarf;
				ENABLE_STRICT_OBJC_MSGSEND = YES;
				ENABLE_TESTABILITY = YES;
				GCC_C_LANGUAGE_STANDARD = gnu11;
				GCC_DYNAMIC_NO_PIC = NO;
				GCC_NO_COMMON_BLOCKS = YES;
				GCC_OPTIMIZATION_LEVEL = 0;
				GCC_PREPROCESSOR_DEFINITIONS = (
					"DEBUG=1",
					"$(inherited)",
				);
				GCC_WARN_64_TO_32_BIT_CONVERSION = YES;
				GCC_WARN_ABOUT_RETURN_TYPE = YES_ERROR;
				GCC_WARN_UNDECLARED_SELECTOR = YES;
				GCC_WARN_UNINITIALIZED_AUTOS = YES_AGGRESSIVE;
				GCC_WARN_UNUSED_FUNCTION = YES;
				GCC_WARN_UNUSED_VARIABLE = YES;
				IPHONEOS_DEPLOYMENT_TARGET = 15.2;
				MTL_ENABLE_DEBUG_INFO = INCLUDE_SOURCE;
				MTL_FAST_MATH = YES;
				ONLY_ACTIVE_ARCH = YES;
				SDKROOT = iphoneos;
				SWIFT_ACTIVE_COMPILATION_CONDITIONS = DEBUG;
				SWIFT_OPTIMIZATION_LEVEL = "-Onone";
			};
			name = Debug;
		};
		2F41A29E280CA1F300F7AE79 /* Release */ = {
			isa = XCBuildConfiguration;
			buildSettings = {
				ALWAYS_SEARCH_USER_PATHS = NO;
				CLANG_ANALYZER_NONNULL = YES;
				CLANG_ANALYZER_NUMBER_OBJECT_CONVERSION = YES_AGGRESSIVE;
				CLANG_CXX_LANGUAGE_STANDARD = "gnu++17";
				CLANG_CXX_LIBRARY = "libc++";
				CLANG_ENABLE_MODULES = YES;
				CLANG_ENABLE_OBJC_ARC = YES;
				CLANG_ENABLE_OBJC_WEAK = YES;
				CLANG_WARN_BLOCK_CAPTURE_AUTORELEASING = YES;
				CLANG_WARN_BOOL_CONVERSION = YES;
				CLANG_WARN_COMMA = YES;
				CLANG_WARN_CONSTANT_CONVERSION = YES;
				CLANG_WARN_DEPRECATED_OBJC_IMPLEMENTATIONS = YES;
				CLANG_WARN_DIRECT_OBJC_ISA_USAGE = YES_ERROR;
				CLANG_WARN_DOCUMENTATION_COMMENTS = YES;
				CLANG_WARN_EMPTY_BODY = YES;
				CLANG_WARN_ENUM_CONVERSION = YES;
				CLANG_WARN_INFINITE_RECURSION = YES;
				CLANG_WARN_INT_CONVERSION = YES;
				CLANG_WARN_NON_LITERAL_NULL_CONVERSION = YES;
				CLANG_WARN_OBJC_IMPLICIT_RETAIN_SELF = YES;
				CLANG_WARN_OBJC_LITERAL_CONVERSION = YES;
				CLANG_WARN_OBJC_ROOT_CLASS = YES_ERROR;
				CLANG_WARN_QUOTED_INCLUDE_IN_FRAMEWORK_HEADER = YES;
				CLANG_WARN_RANGE_LOOP_ANALYSIS = YES;
				CLANG_WARN_STRICT_PROTOTYPES = YES;
				CLANG_WARN_SUSPICIOUS_MOVE = YES;
				CLANG_WARN_UNGUARDED_AVAILABILITY = YES_AGGRESSIVE;
				CLANG_WARN_UNREACHABLE_CODE = YES;
				CLANG_WARN__DUPLICATE_METHOD_MATCH = YES;
				COPY_PHASE_STRIP = NO;
				DEBUG_INFORMATION_FORMAT = "dwarf-with-dsym";
				ENABLE_NS_ASSERTIONS = NO;
				ENABLE_STRICT_OBJC_MSGSEND = YES;
				GCC_C_LANGUAGE_STANDARD = gnu11;
				GCC_NO_COMMON_BLOCKS = YES;
				GCC_WARN_64_TO_32_BIT_CONVERSION = YES;
				GCC_WARN_ABOUT_RETURN_TYPE = YES_ERROR;
				GCC_WARN_UNDECLARED_SELECTOR = YES;
				GCC_WARN_UNINITIALIZED_AUTOS = YES_AGGRESSIVE;
				GCC_WARN_UNUSED_FUNCTION = YES;
				GCC_WARN_UNUSED_VARIABLE = YES;
				IPHONEOS_DEPLOYMENT_TARGET = 15.2;
				MTL_ENABLE_DEBUG_INFO = NO;
				MTL_FAST_MATH = YES;
				SDKROOT = iphoneos;
				SWIFT_COMPILATION_MODE = wholemodule;
				SWIFT_OPTIMIZATION_LEVEL = "-O";
				VALIDATE_PRODUCT = YES;
			};
			name = Release;
		};
		2F41A2A0280CA1F300F7AE79 /* Debug */ = {
			isa = XCBuildConfiguration;
			baseConfigurationReference = 7739F2F72B4574C10178585B /* Pods-TextRecognitionOnDevice.debug.xcconfig */;
			buildSettings = {
				ASSETCATALOG_COMPILER_APPICON_NAME = AppIcon;
				ASSETCATALOG_COMPILER_GLOBAL_ACCENT_COLOR_NAME = AccentColor;
				CODE_SIGN_STYLE = Automatic;
				CURRENT_PROJECT_VERSION = 1;
				GENERATE_INFOPLIST_FILE = YES;
				INFOPLIST_FILE = TextRecognitionOnDevice/Info.plist;
				INFOPLIST_KEY_UIApplicationSupportsIndirectInputEvents = YES;
				INFOPLIST_KEY_UILaunchStoryboardName = LaunchScreen;
				INFOPLIST_KEY_UIMainStoryboardFile = Main;
				INFOPLIST_KEY_UISupportedInterfaceOrientations_iPad = "UIInterfaceOrientationPortrait UIInterfaceOrientationPortraitUpsideDown UIInterfaceOrientationLandscapeLeft UIInterfaceOrientationLandscapeRight";
				INFOPLIST_KEY_UISupportedInterfaceOrientations_iPhone = "UIInterfaceOrientationPortrait UIInterfaceOrientationLandscapeLeft UIInterfaceOrientationLandscapeRight";
				LD_RUNPATH_SEARCH_PATHS = (
					"$(inherited)",
					"@executable_path/Frameworks",
				);
				MARKETING_VERSION = 1.0;
				PRODUCT_BUNDLE_IDENTIFIER = edu.northeastern.jiayingxie.TextRecognitionOnDevice;
				PRODUCT_NAME = "$(TARGET_NAME)";
				SWIFT_EMIT_LOC_STRINGS = YES;
				SWIFT_VERSION = 5.0;
				TARGETED_DEVICE_FAMILY = "1,2";
			};
			name = Debug;
		};
		2F41A2A1280CA1F300F7AE79 /* Release */ = {
			isa = XCBuildConfiguration;
			baseConfigurationReference = C34996115A28F97773F94EA8 /* Pods-TextRecognitionOnDevice.release.xcconfig */;
			buildSettings = {
				ASSETCATALOG_COMPILER_APPICON_NAME = AppIcon;
				ASSETCATALOG_COMPILER_GLOBAL_ACCENT_COLOR_NAME = AccentColor;
				CODE_SIGN_STYLE = Automatic;
				CURRENT_PROJECT_VERSION = 1;
				GENERATE_INFOPLIST_FILE = YES;
				INFOPLIST_FILE = TextRecognitionOnDevice/Info.plist;
				INFOPLIST_KEY_UIApplicationSupportsIndirectInputEvents = YES;
				INFOPLIST_KEY_UILaunchStoryboardName = LaunchScreen;
				INFOPLIST_KEY_UIMainStoryboardFile = Main;
				INFOPLIST_KEY_UISupportedInterfaceOrientations_iPad = "UIInterfaceOrientationPortrait UIInterfaceOrientationPortraitUpsideDown UIInterfaceOrientationLandscapeLeft UIInterfaceOrientationLandscapeRight";
				INFOPLIST_KEY_UISupportedInterfaceOrientations_iPhone = "UIInterfaceOrientationPortrait UIInterfaceOrientationLandscapeLeft UIInterfaceOrientationLandscapeRight";
				LD_RUNPATH_SEARCH_PATHS = (
					"$(inherited)",
					"@executable_path/Frameworks",
				);
				MARKETING_VERSION = 1.0;
				PRODUCT_BUNDLE_IDENTIFIER = edu.northeastern.jiayingxie.TextRecognitionOnDevice;
				PRODUCT_NAME = "$(TARGET_NAME)";
				SWIFT_EMIT_LOC_STRINGS = YES;
				SWIFT_VERSION = 5.0;
				TARGETED_DEVICE_FAMILY = "1,2";
			};
			name = Release;
		};
/* End XCBuildConfiguration section */

/* Begin XCConfigurationList section */
		2F41A286280CA1F200F7AE79 /* Build configuration list for PBXProject "TextRecognitionOnDevice" */ = {
			isa = XCConfigurationList;
			buildConfigurations = (
				2F41A29D280CA1F300F7AE79 /* Debug */,
				2F41A29E280CA1F300F7AE79 /* Release */,
			);
			defaultConfigurationIsVisible = 0;
			defaultConfigurationName = Release;
		};
		2F41A29F280CA1F300F7AE79 /* Build configuration list for PBXNativeTarget "TextRecognitionOnDevice" */ = {
			isa = XCConfigurationList;
			buildConfigurations = (
				2F41A2A0280CA1F300F7AE79 /* Debug */,
				2F41A2A1280CA1F300F7AE79 /* Release */,
			);
			defaultConfigurationIsVisible = 0;
			defaultConfigurationName = Release;
		};
/* End XCConfigurationList section */
	};
	rootObject = 2F41A283280CA1F200F7AE79 /* Project object */;
}
